
Microsoft Visual Studio Solution File, Format Version 12.00
# Visual Studio Version 17
VisualStudioVersion = 17.7.34031.279
MinimumVisualStudioVersion = 10.0.40219.1
Project("{FAE04EC0-301F-11D3-BF4B-00C04F79EFBC}") = "TV_Retail", "TV_Retail\TV_Retail.csproj", "{B41D022C-5074-489B-BE1F-729F8767474E}"
EndProject
Global
	GlobalSection(SolutionConfigurationPlatforms) = preSolution
		Debug|Any CPU = Debug|Any CPU
		Release|Any CPU = Release|Any CPU
	EndGlobalSection
	GlobalSection(ProjectConfigurationPlatforms) = postSolution
		{B41D022C-5074-489B-BE1F-729F8767474E}.Debug|Any CPU.ActiveCfg = Debug|Any CPU
		{B41D022C-5074-489B-BE1F-729F8767474E}.Debug|Any CPU.Build.0 = Debug|Any CPU
		{B41D022C-5074-489B-BE1F-729F8767474E}.Release|Any CPU.ActiveCfg = Release|Any CPU
		{B41D022C-5074-489B-BE1F-729F8767474E}.Release|Any CPU.Build.0 = Release|Any CPU
	EndGlobalSection
	GlobalSection(SolutionProperties) = preSolution
		HideSolutionNode = FALSE
	EndGlobalSection
	GlobalSection(ExtensibilityGlobals) = postSolution
		SolutionGuid = {C76A657D-A362-4B10-B9B4-721C0043C88B}
	EndGlobalSection
EndGlobal
